// !$*UTF8*$!
{
	archiveVersion = 1;
	classes = {
	};
	objectVersion = 46;
	objects = {

		DCFD332FF52B367CCB6C9AD0 = {isa = PBXBuildFile; fileRef = 06C214150874A85B59981895; };
		430718EE0760856400B35FD2 = {isa = PBXBuildFile; fileRef = 3AEA3FD0A7D9F5A521F2F01F; };
		2B2A9067C7AC1529140DC019 = {isa = PBXBuildFile; fileRef = 4307DEE2C63499C00CD3EAB1; };
		E1145EF61755E5448E1E050C = {isa = PBXBuildFile; fileRef = CE3B5F601F440F73318132CB; };
		C49437CD32C355B54C695170 = {isa = PBXBuildFile; fileRef = D9209B7F37A9492B2931D1A4; };
		FB8D0CF049E92766B82B199E = {isa = PBXBuildFile; fileRef = CDDA4B40401E68E7769D11E8; };
		F86237CEF6C9B00A27B65BF8 = {isa = PBXBuildFile; fileRef = 747EC6E7BC6B3611D66929A9; };
		A8981206113260103742AE22 = {isa = PBXBuildFile; fileRef = 0D98E20C1F2BE4B1609B4F28; };
		128947EFF9D8F38B5B7D3D25 = {isa = PBXBuildFile; fileRef = 20F9889B31F8E43914D21685; };
		FD64192542949C2F25D1D10F = {isa = PBXBuildFile; fileRef = B116FABA3A0393AC8EA9CB72; };
		C07F166BDF7B1A4D11E189EE = {isa = PBXBuildFile; fileRef = A9A4D8463CAD9249BB31D61A; };
		CBE894539EDA117542F28D1F = {isa = PBXBuildFile; fileRef = 40399B69E4F12B92F8D240E3; };
		FBEF8C1DE6E04EAA52767EAE = {isa = PBXBuildFile; fileRef = 6523E640E249929FC14E8ED3; };
		6925924DA2DD3D7A22B1DE6B = {isa = PBXBuildFile; fileRef = 6183F93443E4D46BAD94A9EB; };
		6ABFEB6E0508C45F6A4FA7F8 = {isa = PBXBuildFile; fileRef = 6330D39FE362D9AD83E95FB6; };
		FFDC5ADB63644CA78BB53FCC = {isa = PBXBuildFile; fileRef = 42F97843D3900C2B8152BEA4; };
		E71D128DBFCBCDC1D55D3CFF = {isa = PBXBuildFile; fileRef = D2B5616E7F49B95E960C3EA5; };
		8B8F95D5DB70C8C99A113AB7 = {isa = PBXBuildFile; fileRef = 7200A4DF6FD75DE14C1CF048; };
		73F9356BD7D0CBB2472D4AF2 = {isa = PBXBuildFile; fileRef = EE91B708AE55C66B8E462D2D; };
		7D2F8D38D0C4DDCE32642772 = {isa = PBXBuildFile; fileRef = 8C1596EE1555FC2153B3CE2C; };
		41B3BEB03A439CC0DFA30B0D = {isa = PBXBuildFile; fileRef = FFA25279D30BC7BBDF848629; };
		0054924AB99B50999B7B9E54 = {isa = PBXFileReference; lastKnownFileType = sourcecode.c.h; name = AppConfig.h; path = ../../JuceLibraryCode/AppConfig.h; sourceTree = "SOURCE_ROOT"; };
		06C214150874A85B59981895 = {isa = PBXFileReference; explicitFileType = "compiled.mach-o.executable"; includeInIndex = 0; path = "juce_faustllvm_test"; sourceTree = "BUILT_PRODUCTS_DIR"; };
		0D98E20C1F2BE4B1609B4F28 = {isa = PBXFileReference; lastKnownFileType = wrapper.framework; name = IOKit.framework; path = System/Library/Frameworks/IOKit.framework; sourceTree = SDKROOT; };
		20F9889B31F8E43914D21685 = {isa = PBXFileReference; lastKnownFileType = wrapper.framework; name = QuartzCore.framework; path = System/Library/Frameworks/QuartzCore.framework; sourceTree = SDKROOT; };
		265D76AFA6378770BD2CCA01 = {isa = PBXFileReference; lastKnownFileType = sourcecode.c.h; name = JuceHeader.h; path = ../../JuceLibraryCode/JuceHeader.h; sourceTree = "SOURCE_ROOT"; };
		312B4178EFE27858E57DFFB6 = {isa = PBXFileReference; lastKnownFileType = file; name = "juce_audio_basics"; path = "../../../../JUCE/modules/juce_audio_basics"; sourceTree = "SOURCE_ROOT"; };
		3AEA3FD0A7D9F5A521F2F01F = {isa = PBXFileReference; lastKnownFileType = wrapper.framework; name = Accelerate.framework; path = System/Library/Frameworks/Accelerate.framework; sourceTree = SDKROOT; };
		40399B69E4F12B92F8D240E3 = {isa = PBXFileReference; lastKnownFileType = sourcecode.cpp.cpp; name = Main.cpp; path = ../../Source/Main.cpp; sourceTree = "SOURCE_ROOT"; };
		42F97843D3900C2B8152BEA4 = {isa = PBXFileReference; lastKnownFileType = sourcecode.cpp.objcpp; name = "include_juce_data_structures.mm"; path = "../../JuceLibraryCode/include_juce_data_structures.mm"; sourceTree = "SOURCE_ROOT"; };
		4307DEE2C63499C00CD3EAB1 = {isa = PBXFileReference; lastKnownFileType = wrapper.framework; name = AudioToolbox.framework; path = System/Library/Frameworks/AudioToolbox.framework; sourceTree = SDKROOT; };
		6183F93443E4D46BAD94A9EB = {isa = PBXFileReference; lastKnownFileType = sourcecode.cpp.objcpp; name = "include_juce_audio_processors.mm"; path = "../../JuceLibraryCode/include_juce_audio_processors.mm"; sourceTree = "SOURCE_ROOT"; };
		62BEAC969A86E502E0FAF48D = {isa = PBXFileReference; lastKnownFileType = file; name = "juce_audio_processors"; path = "../../../../JUCE/modules/juce_audio_processors"; sourceTree = "SOURCE_ROOT"; };
		6330D39FE362D9AD83E95FB6 = {isa = PBXFileReference; lastKnownFileType = sourcecode.cpp.objcpp; name = "include_juce_core.mm"; path = "../../JuceLibraryCode/include_juce_core.mm"; sourceTree = "SOURCE_ROOT"; };
		6523E640E249929FC14E8ED3 = {isa = PBXFileReference; lastKnownFileType = sourcecode.cpp.objcpp; name = "include_juce_audio_basics.mm"; path = "../../JuceLibraryCode/include_juce_audio_basics.mm"; sourceTree = "SOURCE_ROOT"; };
		6CD60B6D001ACE7DEDAE0F64 = {isa = PBXFileReference; lastKnownFileType = file; name = "juce_core"; path = "../../../../JUCE/modules/juce_core"; sourceTree = "SOURCE_ROOT"; };
		7200A4DF6FD75DE14C1CF048 = {isa = PBXFileReference; lastKnownFileType = sourcecode.cpp.cpp; name = "include_juce_faustllvm.cpp"; path = "../../JuceLibraryCode/include_juce_faustllvm.cpp"; sourceTree = "SOURCE_ROOT"; };
		747EC6E7BC6B3611D66929A9 = {isa = PBXFileReference; lastKnownFileType = wrapper.framework; name = CoreMIDI.framework; path = System/Library/Frameworks/CoreMIDI.framework; sourceTree = SDKROOT; };
		7D1E1D673C5F83CF1B75E0C0 = {isa = PBXFileReference; lastKnownFileType = file; name = "juce_gui_extra"; path = "../../../../JUCE/modules/juce_gui_extra"; sourceTree = "SOURCE_ROOT"; };
		7F8766D70F610C09C8C0F151 = {isa = PBXFileReference; lastKnownFileType = file; name = "juce_events"; path = "../../../../JUCE/modules/juce_events"; sourceTree = "SOURCE_ROOT"; };
		8BED34F14F71F5ECB568AE06 = {isa = PBXFileReference; lastKnownFileType = file; name = "juce_graphics"; path = "../../../../JUCE/modules/juce_graphics"; sourceTree = "SOURCE_ROOT"; };
		8C1596EE1555FC2153B3CE2C = {isa = PBXFileReference; lastKnownFileType = sourcecode.cpp.objcpp; name = "include_juce_gui_basics.mm"; path = "../../JuceLibraryCode/include_juce_gui_basics.mm"; sourceTree = "SOURCE_ROOT"; };
		992242E49CB34DAFE073EB1F = {isa = PBXFileReference; lastKnownFileType = file; name = "juce_gui_basics"; path = "../../../../JUCE/modules/juce_gui_basics"; sourceTree = "SOURCE_ROOT"; };
		A9A4D8463CAD9249BB31D61A = {isa = PBXFileReference; lastKnownFileType = file.nib; name = RecentFilesMenuTemplate.nib; path = RecentFilesMenuTemplate.nib; sourceTree = "SOURCE_ROOT"; };
		B116FABA3A0393AC8EA9CB72 = {isa = PBXFileReference; lastKnownFileType = wrapper.framework; name = WebKit.framework; path = System/Library/Frameworks/WebKit.framework; sourceTree = SDKROOT; };
		CDDA4B40401E68E7769D11E8 = {isa = PBXFileReference; lastKnownFileType = wrapper.framework; name = CoreAudio.framework; path = System/Library/Frameworks/CoreAudio.framework; sourceTree = SDKROOT; };
		CE3B5F601F440F73318132CB = {isa = PBXFileReference; lastKnownFileType = wrapper.framework; name = Carbon.framework; path = System/Library/Frameworks/Carbon.framework; sourceTree = SDKROOT; };
		D2B5616E7F49B95E960C3EA5 = {isa = PBXFileReference; lastKnownFileType = sourcecode.cpp.objcpp; name = "include_juce_events.mm"; path = "../../JuceLibraryCode/include_juce_events.mm"; sourceTree = "SOURCE_ROOT"; };
		D9209B7F37A9492B2931D1A4 = {isa = PBXFileReference; lastKnownFileType = wrapper.framework; name = Cocoa.framework; path = System/Library/Frameworks/Cocoa.framework; sourceTree = SDKROOT; };
		EC0A5712E73CA703FCB98A4A = {isa = PBXFileReference; lastKnownFileType = file; name = "juce_data_structures"; path = "../../../../JUCE/modules/juce_data_structures"; sourceTree = "SOURCE_ROOT"; };
		EE91B708AE55C66B8E462D2D = {isa = PBXFileReference; lastKnownFileType = sourcecode.cpp.objcpp; name = "include_juce_graphics.mm"; path = "../../JuceLibraryCode/include_juce_graphics.mm"; sourceTree = "SOURCE_ROOT"; };
		F70A651C44195262343CB48D = {isa = PBXFileReference; lastKnownFileType = file; name = "juce_faustllvm"; path = "../../../juce_faustllvm"; sourceTree = "SOURCE_ROOT"; };
		FFA25279D30BC7BBDF848629 = {isa = PBXFileReference; lastKnownFileType = sourcecode.cpp.objcpp; name = "include_juce_gui_extra.mm"; path = "../../JuceLibraryCode/include_juce_gui_extra.mm"; sourceTree = "SOURCE_ROOT"; };
		4ABB5F5F30F323985A1B1B68 = {isa = PBXGroup; children = (
					40399B69E4F12B92F8D240E3, ); name = Source; sourceTree = "<group>"; };
		5EE5D48E9EC7642A8639DB02 = {isa = PBXGroup; children = (
					4ABB5F5F30F323985A1B1B68, ); name = "juce_faustllvm_test"; sourceTree = "<group>"; };
		553B33F90E9D57FDCA621D2F = {isa = PBXGroup; children = (
					312B4178EFE27858E57DFFB6,
					62BEAC969A86E502E0FAF48D,
					6CD60B6D001ACE7DEDAE0F64,
					EC0A5712E73CA703FCB98A4A,
					7F8766D70F610C09C8C0F151,
					F70A651C44195262343CB48D,
					8BED34F14F71F5ECB568AE06,
					992242E49CB34DAFE073EB1F,
					7D1E1D673C5F83CF1B75E0C0, ); name = "Juce Modules"; sourceTree = "<group>"; };
		E76F78920A10EB59124E7892 = {isa = PBXGroup; children = (
					0054924AB99B50999B7B9E54,
					6523E640E249929FC14E8ED3,
					6183F93443E4D46BAD94A9EB,
					6330D39FE362D9AD83E95FB6,
					42F97843D3900C2B8152BEA4,
					D2B5616E7F49B95E960C3EA5,
					7200A4DF6FD75DE14C1CF048,
					EE91B708AE55C66B8E462D2D,
					8C1596EE1555FC2153B3CE2C,
					FFA25279D30BC7BBDF848629,
					265D76AFA6378770BD2CCA01, ); name = "Juce Library Code"; sourceTree = "<group>"; };
		2BF0F5554F100D4115626463 = {isa = PBXGroup; children = (
					A9A4D8463CAD9249BB31D61A, ); name = Resources; sourceTree = "<group>"; };
		0DE8F538A57D851900A2B33E = {isa = PBXGroup; children = (
					3AEA3FD0A7D9F5A521F2F01F,
					4307DEE2C63499C00CD3EAB1,
					CE3B5F601F440F73318132CB,
					D9209B7F37A9492B2931D1A4,
					CDDA4B40401E68E7769D11E8,
					747EC6E7BC6B3611D66929A9,
					0D98E20C1F2BE4B1609B4F28,
					20F9889B31F8E43914D21685,
					B116FABA3A0393AC8EA9CB72, ); name = Frameworks; sourceTree = "<group>"; };
		4560185A4340344875EE71CB = {isa = PBXGroup; children = (
					06C214150874A85B59981895, ); name = Products; sourceTree = "<group>"; };
		2A421CF4CB269368C79697CD = {isa = PBXGroup; children = (
					5EE5D48E9EC7642A8639DB02,
					553B33F90E9D57FDCA621D2F,
					E76F78920A10EB59124E7892,
					2BF0F5554F100D4115626463,
					0DE8F538A57D851900A2B33E,
					4560185A4340344875EE71CB, ); name = Source; sourceTree = "<group>"; };
		1CFAC802D1E6AAEB6852482B = {isa = XCBuildConfiguration; buildSettings = {
				ARCHS = "$(NATIVE_ARCH_ACTUAL)";
				CLANG_CXX_LANGUAGE_STANDARD = "c++11";
				CLANG_CXX_LIBRARY = "libc++";
				CLANG_LINK_OBJC_RUNTIME = NO;
				COMBINE_HIDPI_IMAGES = YES;
				CONFIGURATION_BUILD_DIR = "$(PROJECT_DIR)/build/$(CONFIGURATION)";
				COPY_PHASE_STRIP = NO;
				GCC_DYNAMIC_NO_PIC = NO;
				GCC_OPTIMIZATION_LEVEL = 0;
				GCC_PREPROCESSOR_DEFINITIONS = (
					"_DEBUG=1",
					"DEBUG=1",
					"JUCER_XCODE_MAC_F6D2F4CF=1",
					"JUCE_APP_VERSION=1.0.0",
					"JUCE_APP_VERSION_HEX=0x10000",
					"JucePlugin_Build_VST=0",
					"JucePlugin_Build_VST3=0",
					"JucePlugin_Build_AU=0",
					"JucePlugin_Build_AUv3=0",
					"JucePlugin_Build_RTAS=0",
					"JucePlugin_Build_AAX=0",
					"JucePlugin_Build_Standalone=0", );
				GCC_VERSION = com.apple.compilers.llvm.clang.1_0;
				HEADER_SEARCH_PATHS = ("../../JuceLibraryCode", "../../../../JUCE/modules", "../../../../Projects", "/usr/local/include/", "$(inherited)");
				INSTALL_PATH = "/usr/bin";
				LIBRARY_SEARCH_PATHS = ("$(inherited)", "\"/opt/local/libexec/llvm-5.0/lib\"", "\"/usr/local/lib\"", "\"/opt/local/lib\"");
				MACOSX_DEPLOYMENT_TARGET = 10.12;
				MACOSX_DEPLOYMENT_TARGET_ppc = 10.4;
				OTHER_LDFLAGS = "-lLLVMAArch64AsmParser -lLLVMAArch64AsmPrinter -lLLVMAArch64CodeGen -lLLVMAArch64Desc -lLLVMAArch64Disassembler -lLLVMAArch64Info -lLLVMAArch64Utils -lLLVMAMDGPUAsmParser -lLLVMAMDGPUAsmPrinter -lLLVMAMDGPUCodeGen -lLLVMAMDGPUDesc -lLLVMAMDGPUDisassembler -lLLVMAMDGPUInfo -lLLVMAMDGPUUtils -lLLVMARMAsmParser -lLLVMARMAsmPrinter -lLLVMARMCodeGen -lLLVMARMDesc -lLLVMARMDisassembler -lLLVMARMInfo -lLLVMAnalysis -lLLVMAsmParser -lLLVMAsmPrinter -lLLVMBPFAsmPrinter -lLLVMBPFCodeGen -lLLVMBPFDesc -lLLVMBPFDisassembler -lLLVMBPFInfo -lLLVMBinaryFormat -lLLVMBitReader -lLLVMBitWriter -lLLVMCodeGen -lLLVMCore -lLLVMCoroutines -lLLVMCoverage -lLLVMDebugInfoCodeView -lLLVMDebugInfoDWARF -lLLVMDebugInfoMSF -lLLVMDebugInfoPDB -lLLVMDemangle -lLLVMDlltoolDriver -lLLVMExecutionEngine -lLLVMGlobalISel -lLLVMHexagonAsmParser -lLLVMHexagonCodeGen -lLLVMHexagonDesc -lLLVMHexagonDisassembler -lLLVMHexagonInfo -lLLVMIRReader -lLLVMInstCombine -lLLVMInstrumentation -lLLVMInterpreter -lLLVMLTO -lLLVMLanaiAsmParser -lLLVMLanaiAsmPrinter -lLLVMLanaiCodeGen -lLLVMLanaiDesc -lLLVMLanaiDisassembler -lLLVMLanaiInfo -lLLVMLibDriver -lLLVMLineEditor -lLLVMLinker -lLLVMMC -lLLVMMCDisassembler -lLLVMMCJIT -lLLVMMCParser -lLLVMMIRParser -lLLVMMSP430AsmPrinter -lLLVMMSP430CodeGen -lLLVMMSP430Desc -lLLVMMSP430Info -lLLVMMipsAsmParser -lLLVMMipsAsmPrinter -lLLVMMipsCodeGen -lLLVMMipsDesc -lLLVMMipsDisassembler -lLLVMMipsInfo -lLLVMNVPTXAsmPrinter -lLLVMNVPTXCodeGen -lLLVMNVPTXDesc -lLLVMNVPTXInfo -lLLVMObjCARCOpts -lLLVMObject -lLLVMObjectYAML -lLLVMOption -lLLVMOrcJIT -lLLVMPasses -lLLVMPowerPCAsmParser -lLLVMPowerPCAsmPrinter -lLLVMPowerPCCodeGen -lLLVMPowerPCDesc -lLLVMPowerPCDisassembler -lLLVMPowerPCInfo -lLLVMProfileData -lLLVMRuntimeDyld -lLLVMScalarOpts -lLLVMSelectionDAG -lLLVMSparcAsmParser -lLLVMSparcAsmPrinter -lLLVMSparcCodeGen -lLLVMSparcDesc -lLLVMSparcDisassembler -lLLVMSparcInfo -lLLVMSupport -lLLVMSymbolize -lLLVMSystemZAsmParser -lLLVMSystemZAsmPrinter -lLLVMSystemZCodeGen -lLLVMSystemZDesc -lLLVMSystemZDisassembler -lLLVMSystemZInfo -lLLVMTableGen -lLLVMTarget -lLLVMTransformUtils -lLLVMVectorize -lLLVMX86AsmParser -lLLVMX86AsmPrinter -lLLVMX86CodeGen -lLLVMX86Desc -lLLVMX86Disassembler -lLLVMX86Info -lLLVMX86Utils -lLLVMXCoreAsmPrinter -lLLVMXCoreCodeGen -lLLVMXCoreDesc -lLLVMXCoreDisassembler -lLLVMXCoreInfo -lLLVMipo -lcrypto -lcurses -lfaust -lz";
				PRODUCT_BUNDLE_IDENTIFIER = com.OliLarkin.juce_faustllvm_test;
				SDKROOT_ppc = macosx10.5;
				USE_HEADERMAP = NO; }; name = Debug; };
		2C45AE980A430434C4738A6D = {isa = XCBuildConfiguration; buildSettings = {
				ARCHS = "$(ARCHS_STANDARD_32_64_BIT)";
				CLANG_CXX_LANGUAGE_STANDARD = "c++11";
				CLANG_CXX_LIBRARY = "libc++";
				CLANG_LINK_OBJC_RUNTIME = NO;
				COMBINE_HIDPI_IMAGES = YES;
				CONFIGURATION_BUILD_DIR = "$(PROJECT_DIR)/build/$(CONFIGURATION)";
				DEAD_CODE_STRIPPING = YES;
				GCC_GENERATE_DEBUGGING_SYMBOLS = NO;
				GCC_OPTIMIZATION_LEVEL = s;
				GCC_PREPROCESSOR_DEFINITIONS = (
					"_NDEBUG=1",
					"NDEBUG=1",
					"JUCER_XCODE_MAC_F6D2F4CF=1",
					"JUCE_APP_VERSION=1.0.0",
					"JUCE_APP_VERSION_HEX=0x10000",
					"JucePlugin_Build_VST=0",
					"JucePlugin_Build_VST3=0",
					"JucePlugin_Build_AU=0",
					"JucePlugin_Build_AUv3=0",
					"JucePlugin_Build_RTAS=0",
					"JucePlugin_Build_AAX=0",
					"JucePlugin_Build_Standalone=0", );
				GCC_SYMBOLS_PRIVATE_EXTERN = YES;
				GCC_VERSION = com.apple.compilers.llvm.clang.1_0;
				HEADER_SEARCH_PATHS = ("../../JuceLibraryCode", "../../../../JUCE/modules", "../../../../Projects", "/usr/local/include/", "$(inherited)");
				INSTALL_PATH = "/usr/bin";
				LIBRARY_SEARCH_PATHS = ("$(inherited)", "\"/opt/local/libexec/llvm-5.0/lib\"", "\"/usr/local/lib\"", "\"/opt/local/lib\"");
				MACOSX_DEPLOYMENT_TARGET = 10.12;
				MACOSX_DEPLOYMENT_TARGET_ppc = 10.4;
				OTHER_LDFLAGS = "-lLLVMAArch64AsmParser -lLLVMAArch64AsmPrinter -lLLVMAArch64CodeGen -lLLVMAArch64Desc -lLLVMAArch64Disassembler -lLLVMAArch64Info -lLLVMAArch64Utils -lLLVMAMDGPUAsmParser -lLLVMAMDGPUAsmPrinter -lLLVMAMDGPUCodeGen -lLLVMAMDGPUDesc -lLLVMAMDGPUDisassembler -lLLVMAMDGPUInfo -lLLVMAMDGPUUtils -lLLVMARMAsmParser -lLLVMARMAsmPrinter -lLLVMARMCodeGen -lLLVMARMDesc -lLLVMARMDisassembler -lLLVMARMInfo -lLLVMAnalysis -lLLVMAsmParser -lLLVMAsmPrinter -lLLVMBPFAsmPrinter -lLLVMBPFCodeGen -lLLVMBPFDesc -lLLVMBPFDisassembler -lLLVMBPFInfo -lLLVMBinaryFormat -lLLVMBitReader -lLLVMBitWriter -lLLVMCodeGen -lLLVMCore -lLLVMCoroutines -lLLVMCoverage -lLLVMDebugInfoCodeView -lLLVMDebugInfoDWARF -lLLVMDebugInfoMSF -lLLVMDebugInfoPDB -lLLVMDemangle -lLLVMDlltoolDriver -lLLVMExecutionEngine -lLLVMGlobalISel -lLLVMHexagonAsmParser -lLLVMHexagonCodeGen -lLLVMHexagonDesc -lLLVMHexagonDisassembler -lLLVMHexagonInfo -lLLVMIRReader -lLLVMInstCombine -lLLVMInstrumentation -lLLVMInterpreter -lLLVMLTO -lLLVMLanaiAsmParser -lLLVMLanaiAsmPrinter -lLLVMLanaiCodeGen -lLLVMLanaiDesc -lLLVMLanaiDisassembler -lLLVMLanaiInfo -lLLVMLibDriver -lLLVMLineEditor -lLLVMLinker -lLLVMMC -lLLVMMCDisassembler -lLLVMMCJIT -lLLVMMCParser -lLLVMMIRParser -lLLVMMSP430AsmPrinter -lLLVMMSP430CodeGen -lLLVMMSP430Desc -lLLVMMSP430Info -lLLVMMipsAsmParser -lLLVMMipsAsmPrinter -lLLVMMipsCodeGen -lLLVMMipsDesc -lLLVMMipsDisassembler -lLLVMMipsInfo -lLLVMNVPTXAsmPrinter -lLLVMNVPTXCodeGen -lLLVMNVPTXDesc -lLLVMNVPTXInfo -lLLVMObjCARCOpts -lLLVMObject -lLLVMObjectYAML -lLLVMOption -lLLVMOrcJIT -lLLVMPasses -lLLVMPowerPCAsmParser -lLLVMPowerPCAsmPrinter -lLLVMPowerPCCodeGen -lLLVMPowerPCDesc -lLLVMPowerPCDisassembler -lLLVMPowerPCInfo -lLLVMProfileData -lLLVMRuntimeDyld -lLLVMScalarOpts -lLLVMSelectionDAG -lLLVMSparcAsmParser -lLLVMSparcAsmPrinter -lLLVMSparcCodeGen -lLLVMSparcDesc -lLLVMSparcDisassembler -lLLVMSparcInfo -lLLVMSupport -lLLVMSymbolize -lLLVMSystemZAsmParser -lLLVMSystemZAsmPrinter -lLLVMSystemZCodeGen -lLLVMSystemZDesc -lLLVMSystemZDisassembler -lLLVMSystemZInfo -lLLVMTableGen -lLLVMTarget -lLLVMTransformUtils -lLLVMVectorize -lLLVMX86AsmParser -lLLVMX86AsmPrinter -lLLVMX86CodeGen -lLLVMX86Desc -lLLVMX86Disassembler -lLLVMX86Info -lLLVMX86Utils -lLLVMXCoreAsmPrinter -lLLVMXCoreCodeGen -lLLVMXCoreDesc -lLLVMXCoreDisassembler -lLLVMXCoreInfo -lLLVMipo -lcrypto -lcurses -lfaust -lz";
				PRODUCT_BUNDLE_IDENTIFIER = com.OliLarkin.juce_faustllvm_test;
				SDKROOT_ppc = macosx10.5;
				USE_HEADERMAP = NO; }; name = Release; };
		69C4CC33979BC4BA52C89E40 = {isa = XCBuildConfiguration; buildSettings = {
				ALWAYS_SEARCH_USER_PATHS = NO;
				CLANG_WARN_BLOCK_CAPTURE_AUTORELEASING = YES;
				CLANG_WARN_BOOL_CONVERSION = YES;
				CLANG_WARN_COMMA = YES;
				CLANG_WARN_CONSTANT_CONVERSION = YES;
				CLANG_WARN_EMPTY_BODY = YES;
				CLANG_WARN_ENUM_CONVERSION = YES;
				CLANG_WARN_INFINITE_RECURSION = YES;
				CLANG_WARN_INT_CONVERSION = YES;
				CLANG_WARN_NON_LITERAL_NULL_CONVERSION = YES;
				CLANG_WARN_OBJC_LITERAL_CONVERSION = YES;
				CLANG_WARN_RANGE_LOOP_ANALYSIS = YES;
				CLANG_WARN_STRICT_PROTOTYPES = YES;
				CLANG_WARN_SUSPICIOUS_MOVE = YES;
				CLANG_WARN_UNREACHABLE_CODE = YES;
				CLANG_WARN__DUPLICATE_METHOD_MATCH = YES;
				DEBUG_INFORMATION_FORMAT = "dwarf";
				ENABLE_STRICT_OBJC_MSGSEND = YES;
				ENABLE_TESTABILITY = YES;
				GCC_C_LANGUAGE_STANDARD = c11;
				GCC_INLINES_ARE_PRIVATE_EXTERN = YES;
				GCC_MODEL_TUNING = G5;
				GCC_NO_COMMON_BLOCKS = YES;
				GCC_WARN_64_TO_32_BIT_CONVERSION = YES;
				GCC_WARN_ABOUT_RETURN_TYPE = YES;
				GCC_WARN_CHECK_SWITCH_STATEMENTS = YES;
				GCC_WARN_MISSING_PARENTHESES = YES;
				GCC_WARN_NON_VIRTUAL_DESTRUCTOR = YES;
				GCC_WARN_TYPECHECK_CALLS_TO_PRINTF = YES;
				GCC_WARN_UNDECLARED_SELECTOR = YES;
				GCC_WARN_UNINITIALIZED_AUTOS = YES;
				GCC_WARN_UNUSED_FUNCTION = YES;
				GCC_WARN_UNUSED_VARIABLE = YES;
				PRODUCT_NAME = "juce_faustllvm_test";
				WARNING_CFLAGS = -Wreorder;
				ZERO_LINK = NO; }; name = Debug; };
		42F34B8E77354579B1CA7E18 = {isa = XCBuildConfiguration; buildSettings = {
				ALWAYS_SEARCH_USER_PATHS = NO;
				CLANG_WARN_BLOCK_CAPTURE_AUTORELEASING = YES;
				CLANG_WARN_BOOL_CONVERSION = YES;
				CLANG_WARN_COMMA = YES;
				CLANG_WARN_CONSTANT_CONVERSION = YES;
				CLANG_WARN_EMPTY_BODY = YES;
				CLANG_WARN_ENUM_CONVERSION = YES;
				CLANG_WARN_INFINITE_RECURSION = YES;
				CLANG_WARN_INT_CONVERSION = YES;
				CLANG_WARN_NON_LITERAL_NULL_CONVERSION = YES;
				CLANG_WARN_OBJC_LITERAL_CONVERSION = YES;
				CLANG_WARN_RANGE_LOOP_ANALYSIS = YES;
				CLANG_WARN_STRICT_PROTOTYPES = YES;
				CLANG_WARN_SUSPICIOUS_MOVE = YES;
				CLANG_WARN_UNREACHABLE_CODE = YES;
				CLANG_WARN__DUPLICATE_METHOD_MATCH = YES;
				DEBUG_INFORMATION_FORMAT = "dwarf";
				ENABLE_STRICT_OBJC_MSGSEND = YES;
				GCC_C_LANGUAGE_STANDARD = c11;
				GCC_INLINES_ARE_PRIVATE_EXTERN = YES;
				GCC_MODEL_TUNING = G5;
				GCC_NO_COMMON_BLOCKS = YES;
				GCC_WARN_64_TO_32_BIT_CONVERSION = YES;
				GCC_WARN_ABOUT_RETURN_TYPE = YES;
				GCC_WARN_CHECK_SWITCH_STATEMENTS = YES;
				GCC_WARN_MISSING_PARENTHESES = YES;
				GCC_WARN_NON_VIRTUAL_DESTRUCTOR = YES;
				GCC_WARN_TYPECHECK_CALLS_TO_PRINTF = YES;
				GCC_WARN_UNDECLARED_SELECTOR = YES;
				GCC_WARN_UNINITIALIZED_AUTOS = YES;
				GCC_WARN_UNUSED_FUNCTION = YES;
				GCC_WARN_UNUSED_VARIABLE = YES;
				PRODUCT_NAME = "juce_faustllvm_test";
				WARNING_CFLAGS = -Wreorder;
				ZERO_LINK = NO; }; name = Release; };
		ADE44C0380F3A78DB378769C = {isa = PBXTargetDependency; target = 3D72730F2B19EE9B1E28382F; };
		24A2F79EAC41ACA6A8922324 = {isa = XCConfigurationList; buildConfigurations = (
					69C4CC33979BC4BA52C89E40,
					42F34B8E77354579B1CA7E18, ); defaultConfigurationIsVisible = 0; defaultConfigurationName = Debug; };
		DEAFFADB06A27C0505CC91A2 = {isa = XCConfigurationList; buildConfigurations = (
					1CFAC802D1E6AAEB6852482B,
					2C45AE980A430434C4738A6D, ); defaultConfigurationIsVisible = 0; defaultConfigurationName = Debug; };
		822E17837B54C05A2B919773 = {isa = PBXResourcesBuildPhase; buildActionMask = 2147483647; files = (
					C07F166BDF7B1A4D11E189EE, ); runOnlyForDeploymentPostprocessing = 0; };
		DCA1712B94C207C0E5F34F07 = {isa = PBXSourcesBuildPhase; buildActionMask = 2147483647; files = (
					CBE894539EDA117542F28D1F,
					FBEF8C1DE6E04EAA52767EAE,
					6925924DA2DD3D7A22B1DE6B,
					6ABFEB6E0508C45F6A4FA7F8,
					FFDC5ADB63644CA78BB53FCC,
					E71D128DBFCBCDC1D55D3CFF,
					8B8F95D5DB70C8C99A113AB7,
					73F9356BD7D0CBB2472D4AF2,
					7D2F8D38D0C4DDCE32642772,
					41B3BEB03A439CC0DFA30B0D, ); runOnlyForDeploymentPostprocessing = 0; };
		9DC9983AED8FC71911CC6814 = {isa = PBXFrameworksBuildPhase; buildActionMask = 2147483647; files = (
					430718EE0760856400B35FD2,
					2B2A9067C7AC1529140DC019,
					E1145EF61755E5448E1E050C,
					C49437CD32C355B54C695170,
					FB8D0CF049E92766B82B199E,
					F86237CEF6C9B00A27B65BF8,
					A8981206113260103742AE22,
					128947EFF9D8F38B5B7D3D25,
					FD64192542949C2F25D1D10F, ); runOnlyForDeploymentPostprocessing = 0; };
		3D72730F2B19EE9B1E28382F = {isa = PBXNativeTarget; buildConfigurationList = DEAFFADB06A27C0505CC91A2; buildPhases = (
					822E17837B54C05A2B919773,
					DCA1712B94C207C0E5F34F07,
					9DC9983AED8FC71911CC6814, ); buildRules = ( ); dependencies = (  ); name = "juce_faustllvm_test - ConsoleApp"; productName = "juce_faustllvm_test"; productReference = 06C214150874A85B59981895; productType = "com.apple.product-type.tool"; };
		0127B53793D206497234D3F8 = {isa = PBXProject; buildConfigurationList = 24A2F79EAC41ACA6A8922324; attributes = { LastUpgradeCheck = 0830; }; compatibilityVersion = "Xcode 3.2"; hasScannedForEncodings = 0; mainGroup = 2A421CF4CB269368C79697CD; projectDirPath = ""; projectRoot = ""; targets = (3D72730F2B19EE9B1E28382F); };
	};
	rootObject = 0127B53793D206497234D3F8;
}
