Microsoft Visual Studio Solution File, Format Version 11.00
# Visual Studio 2013
Project("{D49A6C79-F77D-0E84-5F74-B42CAAC2EC96}") = "juce_faustllvm_test", "juce_faustllvm_test.vcxproj", "{295E8D68-BEED-DA87-3262-A0B988BDBD22}"
EndProject
Global
	GlobalSection(SolutionConfigurationPlatforms) = preSolution
		Debug|Win32 = Debug|Win32
		Release|Win32 = Release|Win32
	EndGlobalSection
	GlobalSection(ProjectConfigurationPlatforms) = postSolution
		{295E8D68-BEED-DA87-3262-A0B988BDBD22}.Debug|Win32.ActiveCfg = Debug|Win32
		{295E8D68-BEED-DA87-3262-A0B988BDBD22}.Debug|Win32.Build.0 = Debug|Win32
		{295E8D68-BEED-DA87-3262-A0B988BDBD22}.Release|Win32.ActiveCfg = Release|Win32
		{295E8D68-BEED-DA87-3262-A0B988BDBD22}.Release|Win32.Build.0 = Release|Win32
	EndGlobalSection
	GlobalSection(SolutionProperties) = preSolution
		HideSolutionNode = FALSE
	EndGlobalSection
EndGlobal
